// !$*UTF8*$!
{
	archiveVersion = 1;
	classes = {
	};
	objectVersion = 56;
	objects = {

/* Begin PBXBuildFile section */
		085094A82C74AEE400FA4A30 /* DetailsSectionFooter.swift in Sources */ = {isa = PBXBuildFile; fileRef = 085094A72C74AEE400FA4A30 /* DetailsSectionFooter.swift */; };
		085094AA2C74B06A00FA4A30 /* DeleteButton.swift in Sources */ = {isa = PBXBuildFile; fileRef = 085094A92C74B06A00FA4A30 /* DeleteButton.swift */; };
		085094AC2C74D89000FA4A30 /* Account.swift in Sources */ = {isa = PBXBuildFile; fileRef = 085094AB2C74D89000FA4A30 /* Account.swift */; };
		085094AE2C74D91900FA4A30 /* AccountType.swift in Sources */ = {isa = PBXBuildFile; fileRef = 085094AD2C74D91900FA4A30 /* AccountType.swift */; };
		085094B02C74D94C00FA4A30 /* SortableByIndex.swift in Sources */ = {isa = PBXBuildFile; fileRef = 085094AF2C74D94C00FA4A30 /* SortableByIndex.swift */; };
		085094B22C74D9F600FA4A30 /* Account+SampleData.swift in Sources */ = {isa = PBXBuildFile; fileRef = 085094B12C74D9F600FA4A30 /* Account+SampleData.swift */; };
		085094B42C74DE2B00FA4A30 /* MonthBudget.swift in Sources */ = {isa = PBXBuildFile; fileRef = 085094B32C74DE2B00FA4A30 /* MonthBudget.swift */; };
		085094B62C74E05E00FA4A30 /* MonthBudget+SampleData.swift in Sources */ = {isa = PBXBuildFile; fileRef = 085094B52C74E05E00FA4A30 /* MonthBudget+SampleData.swift */; };
		085094B82C74E12600FA4A30 /* MonthBudget+Date.swift in Sources */ = {isa = PBXBuildFile; fileRef = 085094B72C74E12600FA4A30 /* MonthBudget+Date.swift */; };
		085094BB2C74E1AF00FA4A30 /* MonthBudgetDetails.swift in Sources */ = {isa = PBXBuildFile; fileRef = 085094BA2C74E1AF00FA4A30 /* MonthBudgetDetails.swift */; };
		085094BD2C74E4AF00FA4A30 /* MonthBudgetList.swift in Sources */ = {isa = PBXBuildFile; fileRef = 085094BC2C74E4AF00FA4A30 /* MonthBudgetList.swift */; };
		085094BF2C74E52800FA4A30 /* Array+MonthBudget.swift in Sources */ = {isa = PBXBuildFile; fileRef = 085094BE2C74E52800FA4A30 /* Array+MonthBudget.swift */; };
		0895B5612C75E77700ECD20E /* AccountList.swift in Sources */ = {isa = PBXBuildFile; fileRef = 0895B5602C75E77700ECD20E /* AccountList.swift */; };
		0895B5632C75E7AB00ECD20E /* AccountListRow.swift in Sources */ = {isa = PBXBuildFile; fileRef = 0895B5622C75E7AB00ECD20E /* AccountListRow.swift */; };
		0895B5652C75E82800ECD20E /* AccountEmpty.swift in Sources */ = {isa = PBXBuildFile; fileRef = 0895B5642C75E82800ECD20E /* AccountEmpty.swift */; };
		0895B5672C75E8DA00ECD20E /* Array+Account.swift in Sources */ = {isa = PBXBuildFile; fileRef = 0895B5662C75E8DA00ECD20E /* Array+Account.swift */; };
		0895B5692C75E92300ECD20E /* Array+Sorting.swift in Sources */ = {isa = PBXBuildFile; fileRef = 0895B5682C75E92300ECD20E /* Array+Sorting.swift */; };
		0895B56B2C75E98B00ECD20E /* AccountListSectionFooter.swift in Sources */ = {isa = PBXBuildFile; fileRef = 0895B56A2C75E98B00ECD20E /* AccountListSectionFooter.swift */; };
		0895B56D2C75EC1300ECD20E /* AccountDetails.swift in Sources */ = {isa = PBXBuildFile; fileRef = 0895B56C2C75EC1300ECD20E /* AccountDetails.swift */; };
		08E2854C2C74986D000767DF /* BudgetDetails.swift in Sources */ = {isa = PBXBuildFile; fileRef = 08E2854B2C74986D000767DF /* BudgetDetails.swift */; };
		08F8CCED2C7395D800BDCD42 /* MoneeApp.swift in Sources */ = {isa = PBXBuildFile; fileRef = 08F8CCEC2C7395D800BDCD42 /* MoneeApp.swift */; };
		08F8CCEF2C7395D800BDCD42 /* ContentView.swift in Sources */ = {isa = PBXBuildFile; fileRef = 08F8CCEE2C7395D800BDCD42 /* ContentView.swift */; };
		08F8CCF12C7395D900BDCD42 /* Assets.xcassets in Resources */ = {isa = PBXBuildFile; fileRef = 08F8CCF02C7395D900BDCD42 /* Assets.xcassets */; };
		08F8CCF42C7395D900BDCD42 /* Preview Assets.xcassets in Resources */ = {isa = PBXBuildFile; fileRef = 08F8CCF32C7395D900BDCD42 /* Preview Assets.xcassets */; };
		08F8CCFE2C73961800BDCD42 /* Budget.swift in Sources */ = {isa = PBXBuildFile; fileRef = 08F8CCFD2C73961800BDCD42 /* Budget.swift */; };
		08F8CD012C7396B000BDCD42 /* BudgetType.swift in Sources */ = {isa = PBXBuildFile; fileRef = 08F8CD002C7396B000BDCD42 /* BudgetType.swift */; };
		08F8CD042C73971100BDCD42 /* BudgetList.swift in Sources */ = {isa = PBXBuildFile; fileRef = 08F8CD032C73971100BDCD42 /* BudgetList.swift */; };
		08F8CD062C73973F00BDCD42 /* Budget+SampleData.swift in Sources */ = {isa = PBXBuildFile; fileRef = 08F8CD052C73973F00BDCD42 /* Budget+SampleData.swift */; };
		08F8CD092C73978000BDCD42 /* SampleData.swift in Sources */ = {isa = PBXBuildFile; fileRef = 08F8CD082C73978000BDCD42 /* SampleData.swift */; };
		08F8CD0B2C73987B00BDCD42 /* SelectedItemHolder.swift in Sources */ = {isa = PBXBuildFile; fileRef = 08F8CD0A2C73987B00BDCD42 /* SelectedItemHolder.swift */; };
		08F8CD0D2C7398B700BDCD42 /* BudgetListRow.swift in Sources */ = {isa = PBXBuildFile; fileRef = 08F8CD0C2C7398B700BDCD42 /* BudgetListRow.swift */; };
		08F8CD0F2C73992E00BDCD42 /* BudgetEmpty.swift in Sources */ = {isa = PBXBuildFile; fileRef = 08F8CD0E2C73992E00BDCD42 /* BudgetEmpty.swift */; };
		08F8CD132C739B8F00BDCD42 /* Format.swift in Sources */ = {isa = PBXBuildFile; fileRef = 08F8CD122C739B8F00BDCD42 /* Format.swift */; };
		08F8CD152C739BCE00BDCD42 /* String+Validation.swift in Sources */ = {isa = PBXBuildFile; fileRef = 08F8CD142C739BCE00BDCD42 /* String+Validation.swift */; };
		08F8CD182C739C2F00BDCD42 /* DetailsSectionHeader.swift in Sources */ = {isa = PBXBuildFile; fileRef = 08F8CD172C739C2F00BDCD42 /* DetailsSectionHeader.swift */; };
/* End PBXBuildFile section */

/* Begin PBXFileReference section */
		085094A72C74AEE400FA4A30 /* DetailsSectionFooter.swift */ = {isa = PBXFileReference; lastKnownFileType = sourcecode.swift; path = DetailsSectionFooter.swift; sourceTree = "<group>"; };
		085094A92C74B06A00FA4A30 /* DeleteButton.swift */ = {isa = PBXFileReference; lastKnownFileType = sourcecode.swift; path = DeleteButton.swift; sourceTree = "<group>"; };
		085094AB2C74D89000FA4A30 /* Account.swift */ = {isa = PBXFileReference; lastKnownFileType = sourcecode.swift; path = Account.swift; sourceTree = "<group>"; };
		085094AD2C74D91900FA4A30 /* AccountType.swift */ = {isa = PBXFileReference; lastKnownFileType = sourcecode.swift; path = AccountType.swift; sourceTree = "<group>"; };
		085094AF2C74D94C00FA4A30 /* SortableByIndex.swift */ = {isa = PBXFileReference; lastKnownFileType = sourcecode.swift; path = SortableByIndex.swift; sourceTree = "<group>"; };
		085094B12C74D9F600FA4A30 /* Account+SampleData.swift */ = {isa = PBXFileReference; lastKnownFileType = sourcecode.swift; path = "Account+SampleData.swift"; sourceTree = "<group>"; };
		085094B32C74DE2B00FA4A30 /* MonthBudget.swift */ = {isa = PBXFileReference; lastKnownFileType = sourcecode.swift; path = MonthBudget.swift; sourceTree = "<group>"; };
		085094B52C74E05E00FA4A30 /* MonthBudget+SampleData.swift */ = {isa = PBXFileReference; lastKnownFileType = sourcecode.swift; path = "MonthBudget+SampleData.swift"; sourceTree = "<group>"; };
		085094B72C74E12600FA4A30 /* MonthBudget+Date.swift */ = {isa = PBXFileReference; lastKnownFileType = sourcecode.swift; path = "MonthBudget+Date.swift"; sourceTree = "<group>"; };
		085094BA2C74E1AF00FA4A30 /* MonthBudgetDetails.swift */ = {isa = PBXFileReference; lastKnownFileType = sourcecode.swift; path = MonthBudgetDetails.swift; sourceTree = "<group>"; };
		085094BC2C74E4AF00FA4A30 /* MonthBudgetList.swift */ = {isa = PBXFileReference; lastKnownFileType = sourcecode.swift; path = MonthBudgetList.swift; sourceTree = "<group>"; };
		085094BE2C74E52800FA4A30 /* Array+MonthBudget.swift */ = {isa = PBXFileReference; lastKnownFileType = sourcecode.swift; path = "Array+MonthBudget.swift"; sourceTree = "<group>"; };
		0895B55E2C75E5F700ECD20E /* TODO.md */ = {isa = PBXFileReference; lastKnownFileType = net.daringfireball.markdown; path = TODO.md; sourceTree = "<group>"; };
		0895B5602C75E77700ECD20E /* AccountList.swift */ = {isa = PBXFileReference; lastKnownFileType = sourcecode.swift; path = AccountList.swift; sourceTree = "<group>"; };
		0895B5622C75E7AB00ECD20E /* AccountListRow.swift */ = {isa = PBXFileReference; lastKnownFileType = sourcecode.swift; path = AccountListRow.swift; sourceTree = "<group>"; };
		0895B5642C75E82800ECD20E /* AccountEmpty.swift */ = {isa = PBXFileReference; lastKnownFileType = sourcecode.swift; path = AccountEmpty.swift; sourceTree = "<group>"; };
		0895B5662C75E8DA00ECD20E /* Array+Account.swift */ = {isa = PBXFileReference; lastKnownFileType = sourcecode.swift; path = "Array+Account.swift"; sourceTree = "<group>"; };
		0895B5682C75E92300ECD20E /* Array+Sorting.swift */ = {isa = PBXFileReference; lastKnownFileType = sourcecode.swift; path = "Array+Sorting.swift"; sourceTree = "<group>"; };
		0895B56A2C75E98B00ECD20E /* AccountListSectionFooter.swift */ = {isa = PBXFileReference; lastKnownFileType = sourcecode.swift; path = AccountListSectionFooter.swift; sourceTree = "<group>"; };
		0895B56C2C75EC1300ECD20E /* AccountDetails.swift */ = {isa = PBXFileReference; lastKnownFileType = sourcecode.swift; path = AccountDetails.swift; sourceTree = "<group>"; };
		08E2854B2C74986D000767DF /* BudgetDetails.swift */ = {isa = PBXFileReference; lastKnownFileType = sourcecode.swift; path = BudgetDetails.swift; sourceTree = "<group>"; };
		08F8CCE92C7395D800BDCD42 /* Monee.app */ = {isa = PBXFileReference; explicitFileType = wrapper.application; includeInIndex = 0; path = Monee.app; sourceTree = BUILT_PRODUCTS_DIR; };
		08F8CCEC2C7395D800BDCD42 /* MoneeApp.swift */ = {isa = PBXFileReference; lastKnownFileType = sourcecode.swift; path = MoneeApp.swift; sourceTree = "<group>"; };
		08F8CCEE2C7395D800BDCD42 /* ContentView.swift */ = {isa = PBXFileReference; lastKnownFileType = sourcecode.swift; path = ContentView.swift; sourceTree = "<group>"; };
		08F8CCF02C7395D900BDCD42 /* Assets.xcassets */ = {isa = PBXFileReference; lastKnownFileType = folder.assetcatalog; path = Assets.xcassets; sourceTree = "<group>"; };
		08F8CCF32C7395D900BDCD42 /* Preview Assets.xcassets */ = {isa = PBXFileReference; lastKnownFileType = folder.assetcatalog; path = "Preview Assets.xcassets"; sourceTree = "<group>"; };
		08F8CCFD2C73961800BDCD42 /* Budget.swift */ = {isa = PBXFileReference; lastKnownFileType = sourcecode.swift; path = Budget.swift; sourceTree = "<group>"; };
		08F8CD002C7396B000BDCD42 /* BudgetType.swift */ = {isa = PBXFileReference; lastKnownFileType = sourcecode.swift; path = BudgetType.swift; sourceTree = "<group>"; };
		08F8CD032C73971100BDCD42 /* BudgetList.swift */ = {isa = PBXFileReference; lastKnownFileType = sourcecode.swift; path = BudgetList.swift; sourceTree = "<group>"; };
		08F8CD052C73973F00BDCD42 /* Budget+SampleData.swift */ = {isa = PBXFileReference; lastKnownFileType = sourcecode.swift; path = "Budget+SampleData.swift"; sourceTree = "<group>"; };
		08F8CD082C73978000BDCD42 /* SampleData.swift */ = {isa = PBXFileReference; lastKnownFileType = sourcecode.swift; path = SampleData.swift; sourceTree = "<group>"; };
		08F8CD0A2C73987B00BDCD42 /* SelectedItemHolder.swift */ = {isa = PBXFileReference; lastKnownFileType = sourcecode.swift; path = SelectedItemHolder.swift; sourceTree = "<group>"; };
		08F8CD0C2C7398B700BDCD42 /* BudgetListRow.swift */ = {isa = PBXFileReference; lastKnownFileType = sourcecode.swift; path = BudgetListRow.swift; sourceTree = "<group>"; };
		08F8CD0E2C73992E00BDCD42 /* BudgetEmpty.swift */ = {isa = PBXFileReference; lastKnownFileType = sourcecode.swift; path = BudgetEmpty.swift; sourceTree = "<group>"; };
		08F8CD122C739B8F00BDCD42 /* Format.swift */ = {isa = PBXFileReference; lastKnownFileType = sourcecode.swift; path = Format.swift; sourceTree = "<group>"; };
		08F8CD142C739BCE00BDCD42 /* String+Validation.swift */ = {isa = PBXFileReference; lastKnownFileType = sourcecode.swift; path = "String+Validation.swift"; sourceTree = "<group>"; };
		08F8CD172C739C2F00BDCD42 /* DetailsSectionHeader.swift */ = {isa = PBXFileReference; lastKnownFileType = sourcecode.swift; path = DetailsSectionHeader.swift; sourceTree = "<group>"; };
/* End PBXFileReference section */

/* Begin PBXFrameworksBuildPhase section */
		08F8CCE62C7395D800BDCD42 /* Frameworks */ = {
			isa = PBXFrameworksBuildPhase;
			buildActionMask = 2147483647;
			files = (
			);
			runOnlyForDeploymentPostprocessing = 0;
		};
/* End PBXFrameworksBuildPhase section */

/* Begin PBXGroup section */
		085094B92C74E18E00FA4A30 /* MonthBudget */ = {
			isa = PBXGroup;
			children = (
				085094BA2C74E1AF00FA4A30 /* MonthBudgetDetails.swift */,
				085094BC2C74E4AF00FA4A30 /* MonthBudgetList.swift */,
			);
			path = MonthBudget;
			sourceTree = "<group>";
		};
		0895B55F2C75E76A00ECD20E /* Account */ = {
			isa = PBXGroup;
			children = (
				0895B56C2C75EC1300ECD20E /* AccountDetails.swift */,
				0895B5642C75E82800ECD20E /* AccountEmpty.swift */,
				0895B5602C75E77700ECD20E /* AccountList.swift */,
				0895B5622C75E7AB00ECD20E /* AccountListRow.swift */,
				0895B56A2C75E98B00ECD20E /* AccountListSectionFooter.swift */,
			);
			path = Account;
			sourceTree = "<group>";
		};
		08F8CCE02C7395D800BDCD42 = {
			isa = PBXGroup;
			children = (
				08F8CCEB2C7395D800BDCD42 /* Monee */,
				08F8CCEA2C7395D800BDCD42 /* Products */,
			);
			sourceTree = "<group>";
		};
		08F8CCEA2C7395D800BDCD42 /* Products */ = {
			isa = PBXGroup;
			children = (
				08F8CCE92C7395D800BDCD42 /* Monee.app */,
			);
			name = Products;
			sourceTree = "<group>";
		};
		08F8CCEB2C7395D800BDCD42 /* Monee */ = {
			isa = PBXGroup;
			children = (
				0895B55E2C75E5F700ECD20E /* TODO.md */,
				08F8CCFB2C7395E900BDCD42 /* Apps */,
				08F8CCFF2C73969B00BDCD42 /* Custom Types */,
				08F8CCFC2C7395ED00BDCD42 /* Models */,
				08F8CD072C73977000BDCD42 /* Utilities */,
				08F8CCFA2C7395E200BDCD42 /* Views */,
				08F8CCF02C7395D900BDCD42 /* Assets.xcassets */,
				08F8CCF22C7395D900BDCD42 /* Preview Content */,
			);
			path = Monee;
			sourceTree = "<group>";
		};
		08F8CCF22C7395D900BDCD42 /* Preview Content */ = {
			isa = PBXGroup;
			children = (
				08F8CCF32C7395D900BDCD42 /* Preview Assets.xcassets */,
			);
			path = "Preview Content";
			sourceTree = "<group>";
		};
		08F8CCFA2C7395E200BDCD42 /* Views */ = {
			isa = PBXGroup;
			children = (
				08F8CCEE2C7395D800BDCD42 /* ContentView.swift */,
				0895B55F2C75E76A00ECD20E /* Account */,
				08F8CD022C73970000BDCD42 /* Budget */,
				08F8CD162C739C0C00BDCD42 /* Common */,
				085094B92C74E18E00FA4A30 /* MonthBudget */,
			);
			path = Views;
			sourceTree = "<group>";
		};
		08F8CCFB2C7395E900BDCD42 /* Apps */ = {
			isa = PBXGroup;
			children = (
				08F8CCEC2C7395D800BDCD42 /* MoneeApp.swift */,
			);
			path = Apps;
			sourceTree = "<group>";
		};
		08F8CCFC2C7395ED00BDCD42 /* Models */ = {
			isa = PBXGroup;
			children = (
				085094AB2C74D89000FA4A30 /* Account.swift */,
				085094B12C74D9F600FA4A30 /* Account+SampleData.swift */,
				0895B5662C75E8DA00ECD20E /* Array+Account.swift */,
				085094BE2C74E52800FA4A30 /* Array+MonthBudget.swift */,
				0895B5682C75E92300ECD20E /* Array+Sorting.swift */,
				08F8CCFD2C73961800BDCD42 /* Budget.swift */,
				08F8CD052C73973F00BDCD42 /* Budget+SampleData.swift */,
				085094B32C74DE2B00FA4A30 /* MonthBudget.swift */,
				085094B72C74E12600FA4A30 /* MonthBudget+Date.swift */,
				085094B52C74E05E00FA4A30 /* MonthBudget+SampleData.swift */,
				085094AF2C74D94C00FA4A30 /* SortableByIndex.swift */,
			);
			path = Models;
			sourceTree = "<group>";
		};
		08F8CCFF2C73969B00BDCD42 /* Custom Types */ = {
			isa = PBXGroup;
			children = (
				08F8CD002C7396B000BDCD42 /* BudgetType.swift */,
				085094AD2C74D91900FA4A30 /* AccountType.swift */,
			);
			path = "Custom Types";
			sourceTree = "<group>";
		};
		08F8CD022C73970000BDCD42 /* Budget */ = {
			isa = PBXGroup;
			children = (
				08E2854B2C74986D000767DF /* BudgetDetails.swift */,
				08F8CD0E2C73992E00BDCD42 /* BudgetEmpty.swift */,
				08F8CD032C73971100BDCD42 /* BudgetList.swift */,
				08F8CD0C2C7398B700BDCD42 /* BudgetListRow.swift */,
			);
			path = Budget;
			sourceTree = "<group>";
		};
		08F8CD072C73977000BDCD42 /* Utilities */ = {
			isa = PBXGroup;
			children = (
				08F8CD122C739B8F00BDCD42 /* Format.swift */,
				08F8CD082C73978000BDCD42 /* SampleData.swift */,
				08F8CD0A2C73987B00BDCD42 /* SelectedItemHolder.swift */,
				08F8CD142C739BCE00BDCD42 /* String+Validation.swift */,
			);
			path = Utilities;
			sourceTree = "<group>";
		};
		08F8CD162C739C0C00BDCD42 /* Common */ = {
			isa = PBXGroup;
			children = (
				085094A92C74B06A00FA4A30 /* DeleteButton.swift */,
				085094A72C74AEE400FA4A30 /* DetailsSectionFooter.swift */,
				08F8CD172C739C2F00BDCD42 /* DetailsSectionHeader.swift */,
			);
			path = Common;
			sourceTree = "<group>";
		};
/* End PBXGroup section */

/* Begin PBXNativeTarget section */
		08F8CCE82C7395D800BDCD42 /* Monee */ = {
			isa = PBXNativeTarget;
			buildConfigurationList = 08F8CCF72C7395D900BDCD42 /* Build configuration list for PBXNativeTarget "Monee" */;
			buildPhases = (
				08F8CCE52C7395D800BDCD42 /* Sources */,
				08F8CCE62C7395D800BDCD42 /* Frameworks */,
				08F8CCE72C7395D800BDCD42 /* Resources */,
			);
			buildRules = (
			);
			dependencies = (
			);
			name = Monee;
			productName = Monee;
			productReference = 08F8CCE92C7395D800BDCD42 /* Monee.app */;
			productType = "com.apple.product-type.application";
		};
/* End PBXNativeTarget section */

/* Begin PBXProject section */
		08F8CCE12C7395D800BDCD42 /* Project object */ = {
			isa = PBXProject;
			attributes = {
				BuildIndependentTargetsInParallel = 1;
				LastSwiftUpdateCheck = 1540;
				LastUpgradeCheck = 1540;
				TargetAttributes = {
					08F8CCE82C7395D800BDCD42 = {
						CreatedOnToolsVersion = 15.4;
					};
				};
			};
			buildConfigurationList = 08F8CCE42C7395D800BDCD42 /* Build configuration list for PBXProject "Monee" */;
			compatibilityVersion = "Xcode 14.0";
			developmentRegion = en;
			hasScannedForEncodings = 0;
			knownRegions = (
				en,
				Base,
			);
			mainGroup = 08F8CCE02C7395D800BDCD42;
			productRefGroup = 08F8CCEA2C7395D800BDCD42 /* Products */;
			projectDirPath = "";
			projectRoot = "";
			targets = (
				08F8CCE82C7395D800BDCD42 /* Monee */,
			);
		};
/* End PBXProject section */

/* Begin PBXResourcesBuildPhase section */
		08F8CCE72C7395D800BDCD42 /* Resources */ = {
			isa = PBXResourcesBuildPhase;
			buildActionMask = 2147483647;
			files = (
				08F8CCF42C7395D900BDCD42 /* Preview Assets.xcassets in Resources */,
				08F8CCF12C7395D900BDCD42 /* Assets.xcassets in Resources */,
			);
			runOnlyForDeploymentPostprocessing = 0;
		};
/* End PBXResourcesBuildPhase section */

/* Begin PBXSourcesBuildPhase section */
		08F8CCE52C7395D800BDCD42 /* Sources */ = {
			isa = PBXSourcesBuildPhase;
			buildActionMask = 2147483647;
			files = (
				0895B5632C75E7AB00ECD20E /* AccountListRow.swift in Sources */,
				085094BD2C74E4AF00FA4A30 /* MonthBudgetList.swift in Sources */,
				08F8CD0F2C73992E00BDCD42 /* BudgetEmpty.swift in Sources */,
				0895B5672C75E8DA00ECD20E /* Array+Account.swift in Sources */,
				08F8CD0D2C7398B700BDCD42 /* BudgetListRow.swift in Sources */,
				085094BB2C74E1AF00FA4A30 /* MonthBudgetDetails.swift in Sources */,
				0895B56B2C75E98B00ECD20E /* AccountListSectionFooter.swift in Sources */,
				085094A82C74AEE400FA4A30 /* DetailsSectionFooter.swift in Sources */,
				08F8CD012C7396B000BDCD42 /* BudgetType.swift in Sources */,
				08F8CD152C739BCE00BDCD42 /* String+Validation.swift in Sources */,
				085094B42C74DE2B00FA4A30 /* MonthBudget.swift in Sources */,
				08F8CD0B2C73987B00BDCD42 /* SelectedItemHolder.swift in Sources */,
				08F8CD092C73978000BDCD42 /* SampleData.swift in Sources */,
				085094AE2C74D91900FA4A30 /* AccountType.swift in Sources */,
				085094BF2C74E52800FA4A30 /* Array+MonthBudget.swift in Sources */,
				08F8CCEF2C7395D800BDCD42 /* ContentView.swift in Sources */,
				08F8CD042C73971100BDCD42 /* BudgetList.swift in Sources */,
				0895B56D2C75EC1300ECD20E /* AccountDetails.swift in Sources */,
				0895B5692C75E92300ECD20E /* Array+Sorting.swift in Sources */,
				08F8CD132C739B8F00BDCD42 /* Format.swift in Sources */,
				08F8CCED2C7395D800BDCD42 /* MoneeApp.swift in Sources */,
				085094B82C74E12600FA4A30 /* MonthBudget+Date.swift in Sources */,
				085094B02C74D94C00FA4A30 /* SortableByIndex.swift in Sources */,
				085094AC2C74D89000FA4A30 /* Account.swift in Sources */,
				08F8CD062C73973F00BDCD42 /* Budget+SampleData.swift in Sources */,
				085094AA2C74B06A00FA4A30 /* DeleteButton.swift in Sources */,
				08F8CD182C739C2F00BDCD42 /* DetailsSectionHeader.swift in Sources */,
				08F8CCFE2C73961800BDCD42 /* Budget.swift in Sources */,
				0895B5652C75E82800ECD20E /* AccountEmpty.swift in Sources */,
				085094B62C74E05E00FA4A30 /* MonthBudget+SampleData.swift in Sources */,
				08E2854C2C74986D000767DF /* BudgetDetails.swift in Sources */,
				085094B22C74D9F600FA4A30 /* Account+SampleData.swift in Sources */,
				0895B5612C75E77700ECD20E /* AccountList.swift in Sources */,
			);
			runOnlyForDeploymentPostprocessing = 0;
		};
/* End PBXSourcesBuildPhase section */

/* Begin XCBuildConfiguration section */
		08F8CCF52C7395D900BDCD42 /* Debug */ = {
			isa = XCBuildConfiguration;
			buildSettings = {
				ALWAYS_SEARCH_USER_PATHS = NO;
				ASSETCATALOG_COMPILER_GENERATE_SWIFT_ASSET_SYMBOL_EXTENSIONS = YES;
				CLANG_ANALYZER_NONNULL = YES;
				CLANG_ANALYZER_NUMBER_OBJECT_CONVERSION = YES_AGGRESSIVE;
				CLANG_CXX_LANGUAGE_STANDARD = "gnu++20";
				CLANG_ENABLE_MODULES = YES;
				CLANG_ENABLE_OBJC_ARC = YES;
				CLANG_ENABLE_OBJC_WEAK = YES;
				CLANG_WARN_BLOCK_CAPTURE_AUTORELEASING = YES;
				CLANG_WARN_BOOL_CONVERSION = YES;
				CLANG_WARN_COMMA = YES;
				CLANG_WARN_CONSTANT_CONVERSION = YES;
				CLANG_WARN_DEPRECATED_OBJC_IMPLEMENTATIONS = YES;
				CLANG_WARN_DIRECT_OBJC_ISA_USAGE = YES_ERROR;
				CLANG_WARN_DOCUMENTATION_COMMENTS = YES;
				CLANG_WARN_EMPTY_BODY = YES;
				CLANG_WARN_ENUM_CONVERSION = YES;
				CLANG_WARN_INFINITE_RECURSION = YES;
				CLANG_WARN_INT_CONVERSION = YES;
				CLANG_WARN_NON_LITERAL_NULL_CONVERSION = YES;
				CLANG_WARN_OBJC_IMPLICIT_RETAIN_SELF = YES;
				CLANG_WARN_OBJC_LITERAL_CONVERSION = YES;
				CLANG_WARN_OBJC_ROOT_CLASS = YES_ERROR;
				CLANG_WARN_QUOTED_INCLUDE_IN_FRAMEWORK_HEADER = YES;
				CLANG_WARN_RANGE_LOOP_ANALYSIS = YES;
				CLANG_WARN_STRICT_PROTOTYPES = YES;
				CLANG_WARN_SUSPICIOUS_MOVE = YES;
				CLANG_WARN_UNGUARDED_AVAILABILITY = YES_AGGRESSIVE;
				CLANG_WARN_UNREACHABLE_CODE = YES;
				CLANG_WARN__DUPLICATE_METHOD_MATCH = YES;
				COPY_PHASE_STRIP = NO;
				DEBUG_INFORMATION_FORMAT = dwarf;
				ENABLE_STRICT_OBJC_MSGSEND = YES;
				ENABLE_TESTABILITY = YES;
				ENABLE_USER_SCRIPT_SANDBOXING = YES;
				GCC_C_LANGUAGE_STANDARD = gnu17;
				GCC_DYNAMIC_NO_PIC = NO;
				GCC_NO_COMMON_BLOCKS = YES;
				GCC_OPTIMIZATION_LEVEL = 0;
				GCC_PREPROCESSOR_DEFINITIONS = (
					"DEBUG=1",
					"$(inherited)",
				);
				GCC_WARN_64_TO_32_BIT_CONVERSION = YES;
				GCC_WARN_ABOUT_RETURN_TYPE = YES_ERROR;
				GCC_WARN_UNDECLARED_SELECTOR = YES;
				GCC_WARN_UNINITIALIZED_AUTOS = YES_AGGRESSIVE;
				GCC_WARN_UNUSED_FUNCTION = YES;
				GCC_WARN_UNUSED_VARIABLE = YES;
				IPHONEOS_DEPLOYMENT_TARGET = 17.5;
				LOCALIZATION_PREFERS_STRING_CATALOGS = YES;
				MTL_ENABLE_DEBUG_INFO = INCLUDE_SOURCE;
				MTL_FAST_MATH = YES;
				ONLY_ACTIVE_ARCH = YES;
				SDKROOT = iphoneos;
				SWIFT_ACTIVE_COMPILATION_CONDITIONS = "DEBUG $(inherited)";
				SWIFT_OPTIMIZATION_LEVEL = "-Onone";
			};
			name = Debug;
		};
		08F8CCF62C7395D900BDCD42 /* Release */ = {
			isa = XCBuildConfiguration;
			buildSettings = {
				ALWAYS_SEARCH_USER_PATHS = NO;
				ASSETCATALOG_COMPILER_GENERATE_SWIFT_ASSET_SYMBOL_EXTENSIONS = YES;
				CLANG_ANALYZER_NONNULL = YES;
				CLANG_ANALYZER_NUMBER_OBJECT_CONVERSION = YES_AGGRESSIVE;
				CLANG_CXX_LANGUAGE_STANDARD = "gnu++20";
				CLANG_ENABLE_MODULES = YES;
				CLANG_ENABLE_OBJC_ARC = YES;
				CLANG_ENABLE_OBJC_WEAK = YES;
				CLANG_WARN_BLOCK_CAPTURE_AUTORELEASING = YES;
				CLANG_WARN_BOOL_CONVERSION = YES;
				CLANG_WARN_COMMA = YES;
				CLANG_WARN_CONSTANT_CONVERSION = YES;
				CLANG_WARN_DEPRECATED_OBJC_IMPLEMENTATIONS = YES;
				CLANG_WARN_DIRECT_OBJC_ISA_USAGE = YES_ERROR;
				CLANG_WARN_DOCUMENTATION_COMMENTS = YES;
				CLANG_WARN_EMPTY_BODY = YES;
				CLANG_WARN_ENUM_CONVERSION = YES;
				CLANG_WARN_INFINITE_RECURSION = YES;
				CLANG_WARN_INT_CONVERSION = YES;
				CLANG_WARN_NON_LITERAL_NULL_CONVERSION = YES;
				CLANG_WARN_OBJC_IMPLICIT_RETAIN_SELF = YES;
				CLANG_WARN_OBJC_LITERAL_CONVERSION = YES;
				CLANG_WARN_OBJC_ROOT_CLASS = YES_ERROR;
				CLANG_WARN_QUOTED_INCLUDE_IN_FRAMEWORK_HEADER = YES;
				CLANG_WARN_RANGE_LOOP_ANALYSIS = YES;
				CLANG_WARN_STRICT_PROTOTYPES = YES;
				CLANG_WARN_SUSPICIOUS_MOVE = YES;
				CLANG_WARN_UNGUARDED_AVAILABILITY = YES_AGGRESSIVE;
				CLANG_WARN_UNREACHABLE_CODE = YES;
				CLANG_WARN__DUPLICATE_METHOD_MATCH = YES;
				COPY_PHASE_STRIP = NO;
				DEBUG_INFORMATION_FORMAT = "dwarf-with-dsym";
				ENABLE_NS_ASSERTIONS = NO;
				ENABLE_STRICT_OBJC_MSGSEND = YES;
				ENABLE_USER_SCRIPT_SANDBOXING = YES;
				GCC_C_LANGUAGE_STANDARD = gnu17;
				GCC_NO_COMMON_BLOCKS = YES;
				GCC_WARN_64_TO_32_BIT_CONVERSION = YES;
				GCC_WARN_ABOUT_RETURN_TYPE = YES_ERROR;
				GCC_WARN_UNDECLARED_SELECTOR = YES;
				GCC_WARN_UNINITIALIZED_AUTOS = YES_AGGRESSIVE;
				GCC_WARN_UNUSED_FUNCTION = YES;
				GCC_WARN_UNUSED_VARIABLE = YES;
				IPHONEOS_DEPLOYMENT_TARGET = 17.5;
				LOCALIZATION_PREFERS_STRING_CATALOGS = YES;
				MTL_ENABLE_DEBUG_INFO = NO;
				MTL_FAST_MATH = YES;
				SDKROOT = iphoneos;
				SWIFT_COMPILATION_MODE = wholemodule;
				VALIDATE_PRODUCT = YES;
			};
			name = Release;
		};
		08F8CCF82C7395D900BDCD42 /* Debug */ = {
			isa = XCBuildConfiguration;
			buildSettings = {
				ASSETCATALOG_COMPILER_APPICON_NAME = AppIcon;
				ASSETCATALOG_COMPILER_GLOBAL_ACCENT_COLOR_NAME = AccentColor;
				CODE_SIGN_STYLE = Automatic;
				CURRENT_PROJECT_VERSION = 1;
				DEVELOPMENT_ASSET_PATHS = "\"Monee/Preview Content\"";
				DEVELOPMENT_TEAM = ZP4QTMB37S;
				ENABLE_PREVIEWS = YES;
				GENERATE_INFOPLIST_FILE = YES;
				INFOPLIST_KEY_UIApplicationSceneManifest_Generation = YES;
				INFOPLIST_KEY_UIApplicationSupportsIndirectInputEvents = YES;
				INFOPLIST_KEY_UILaunchScreen_Generation = YES;
				INFOPLIST_KEY_UISupportedInterfaceOrientations_iPad = "UIInterfaceOrientationPortrait UIInterfaceOrientationPortraitUpsideDown UIInterfaceOrientationLandscapeLeft UIInterfaceOrientationLandscapeRight";
				INFOPLIST_KEY_UISupportedInterfaceOrientations_iPhone = "UIInterfaceOrientationPortrait UIInterfaceOrientationLandscapeLeft UIInterfaceOrientationLandscapeRight";
				LD_RUNPATH_SEARCH_PATHS = (
					"$(inherited)",
					"@executable_path/Frameworks",
				);
				MARKETING_VERSION = 1.0;
				PRODUCT_BUNDLE_IDENTIFIER = dev.mzio.Monee;
				PRODUCT_NAME = "$(TARGET_NAME)";
				SWIFT_EMIT_LOC_STRINGS = YES;
				SWIFT_VERSION = 5.0;
				TARGETED_DEVICE_FAMILY = "1,2";
			};
			name = Debug;
		};
		08F8CCF92C7395D900BDCD42 /* Release */ = {
			isa = XCBuildConfiguration;
			buildSettings = {
				ASSETCATALOG_COMPILER_APPICON_NAME = AppIcon;
				ASSETCATALOG_COMPILER_GLOBAL_ACCENT_COLOR_NAME = AccentColor;
				CODE_SIGN_STYLE = Automatic;
				CURRENT_PROJECT_VERSION = 1;
				DEVELOPMENT_ASSET_PATHS = "\"Monee/Preview Content\"";
				DEVELOPMENT_TEAM = ZP4QTMB37S;
				ENABLE_PREVIEWS = YES;
				GENERATE_INFOPLIST_FILE = YES;
				INFOPLIST_KEY_UIApplicationSceneManifest_Generation = YES;
				INFOPLIST_KEY_UIApplicationSupportsIndirectInputEvents = YES;
				INFOPLIST_KEY_UILaunchScreen_Generation = YES;
				INFOPLIST_KEY_UISupportedInterfaceOrientations_iPad = "UIInterfaceOrientationPortrait UIInterfaceOrientationPortraitUpsideDown UIInterfaceOrientationLandscapeLeft UIInterfaceOrientationLandscapeRight";
				INFOPLIST_KEY_UISupportedInterfaceOrientations_iPhone = "UIInterfaceOrientationPortrait UIInterfaceOrientationLandscapeLeft UIInterfaceOrientationLandscapeRight";
				LD_RUNPATH_SEARCH_PATHS = (
					"$(inherited)",
					"@executable_path/Frameworks",
				);
				MARKETING_VERSION = 1.0;
				PRODUCT_BUNDLE_IDENTIFIER = dev.mzio.Monee;
				PRODUCT_NAME = "$(TARGET_NAME)";
				SWIFT_EMIT_LOC_STRINGS = YES;
				SWIFT_VERSION = 5.0;
				TARGETED_DEVICE_FAMILY = "1,2";
			};
			name = Release;
		};
/* End XCBuildConfiguration section */

/* Begin XCConfigurationList section */
		08F8CCE42C7395D800BDCD42 /* Build configuration list for PBXProject "Monee" */ = {
			isa = XCConfigurationList;
			buildConfigurations = (
				08F8CCF52C7395D900BDCD42 /* Debug */,
				08F8CCF62C7395D900BDCD42 /* Release */,
			);
			defaultConfigurationIsVisible = 0;
			defaultConfigurationName = Release;
		};
		08F8CCF72C7395D900BDCD42 /* Build configuration list for PBXNativeTarget "Monee" */ = {
			isa = XCConfigurationList;
			buildConfigurations = (
				08F8CCF82C7395D900BDCD42 /* Debug */,
				08F8CCF92C7395D900BDCD42 /* Release */,
			);
			defaultConfigurationIsVisible = 0;
			defaultConfigurationName = Release;
		};
/* End XCConfigurationList section */
	};
	rootObject = 08F8CCE12C7395D800BDCD42 /* Project object */;
}
