// !$*UTF8*$!
{
	archiveVersion = 1;
	classes = {
	};
	objectVersion = 56;
	objects = {

/* Begin PBXBuildFile section */
		080C68DC2C0E13010010CF69 /* CategoryList.swift in Sources */ = {isa = PBXBuildFile; fileRef = 080C68DB2C0E13010010CF69 /* CategoryList.swift */; };
		080C68DE2C0E18B50010CF69 /* CategoryDetail.swift in Sources */ = {isa = PBXBuildFile; fileRef = 080C68DD2C0E18B50010CF69 /* CategoryDetail.swift */; };
		08645F542C07474F001C85DC /* AccountType.swift in Sources */ = {isa = PBXBuildFile; fileRef = 08645F532C07474F001C85DC /* AccountType.swift */; };
		08866F542C0F0C1400455EAE /* PayeeList.swift in Sources */ = {isa = PBXBuildFile; fileRef = 08866F532C0F0C1400455EAE /* PayeeList.swift */; };
		08866F562C0F0F4A00455EAE /* PayeeDetail.swift in Sources */ = {isa = PBXBuildFile; fileRef = 08866F552C0F0F4A00455EAE /* PayeeDetail.swift */; };
		08866F5A2C0F30E600455EAE /* BasicListRow.swift in Sources */ = {isa = PBXBuildFile; fileRef = 08866F592C0F30E600455EAE /* BasicListRow.swift */; };
		08866F5D2C0F513D00455EAE /* TransactionList.swift in Sources */ = {isa = PBXBuildFile; fileRef = 08866F5C2C0F513D00455EAE /* TransactionList.swift */; };
		08866F5F2C0F546D00455EAE /* TransactionListRow.swift in Sources */ = {isa = PBXBuildFile; fileRef = 08866F5E2C0F546D00455EAE /* TransactionListRow.swift */; };
		08866F612C0F596700455EAE /* TransactionDetail.swift in Sources */ = {isa = PBXBuildFile; fileRef = 08866F602C0F596700455EAE /* TransactionDetail.swift */; };
		0888DD992C08BF5200E8E14D /* AccountListRow.swift in Sources */ = {isa = PBXBuildFile; fileRef = 0888DD982C08BF5200E8E14D /* AccountListRow.swift */; };
		08C0F2F32C203CF700D4C879 /* Account+SampleData.swift in Sources */ = {isa = PBXBuildFile; fileRef = 08C0F2F22C203CF700D4C879 /* Account+SampleData.swift */; };
		08C0F2F52C203D3F00D4C879 /* Category+SampleData.swift in Sources */ = {isa = PBXBuildFile; fileRef = 08C0F2F42C203D3F00D4C879 /* Category+SampleData.swift */; };
		08C0F2F72C203D7100D4C879 /* Payee+SampleData.swift in Sources */ = {isa = PBXBuildFile; fileRef = 08C0F2F62C203D7100D4C879 /* Payee+SampleData.swift */; };
		08C0F2F92C203D9F00D4C879 /* Transaction+SampleData.swift in Sources */ = {isa = PBXBuildFile; fileRef = 08C0F2F82C203D9F00D4C879 /* Transaction+SampleData.swift */; };
		08EEF0BF2C2195E5003ABFF9 /* FormatUtilities.swift in Sources */ = {isa = PBXBuildFile; fileRef = 08EEF0BE2C2195E5003ABFF9 /* FormatUtilities.swift */; };
		08EEF0C62C21D5D2003ABFF9 /* ValidationUtilities.swift in Sources */ = {isa = PBXBuildFile; fileRef = 08EEF0C52C21D5D2003ABFF9 /* ValidationUtilities.swift */; };
		08EEF0C82C22D213003ABFF9 /* AlertMessages.swift in Sources */ = {isa = PBXBuildFile; fileRef = 08EEF0C72C22D213003ABFF9 /* AlertMessages.swift */; };
		08F92C972BF75EBC00D66510 /* MoneeApp.swift in Sources */ = {isa = PBXBuildFile; fileRef = 08F92C962BF75EBC00D66510 /* MoneeApp.swift */; };
		08F92C9B2BF75EBE00D66510 /* Assets.xcassets in Resources */ = {isa = PBXBuildFile; fileRef = 08F92C9A2BF75EBE00D66510 /* Assets.xcassets */; };
		08F92C9E2BF75EBE00D66510 /* Preview Assets.xcassets in Resources */ = {isa = PBXBuildFile; fileRef = 08F92C9D2BF75EBE00D66510 /* Preview Assets.xcassets */; };
		08F92CA52BF75F1600D66510 /* Category.swift in Sources */ = {isa = PBXBuildFile; fileRef = 08F92CA42BF75F1600D66510 /* Category.swift */; };
		08F92CA72BF7601300D66510 /* Payee.swift in Sources */ = {isa = PBXBuildFile; fileRef = 08F92CA62BF7601300D66510 /* Payee.swift */; };
		08F92CA92BF7605500D66510 /* Account.swift in Sources */ = {isa = PBXBuildFile; fileRef = 08F92CA82BF7605500D66510 /* Account.swift */; };
		08F92CAB2BF760D100D66510 /* Transaction.swift in Sources */ = {isa = PBXBuildFile; fileRef = 08F92CAA2BF760D100D66510 /* Transaction.swift */; };
		08F92CAF2BF7721700D66510 /* SampleData.swift in Sources */ = {isa = PBXBuildFile; fileRef = 08F92CAE2BF7721700D66510 /* SampleData.swift */; };
		08FEA4A22BF8A44900627C69 /* AccountList.swift in Sources */ = {isa = PBXBuildFile; fileRef = 08FEA4A12BF8A44900627C69 /* AccountList.swift */; };
		08FEA4A42BF8B2BE00627C69 /* AccountDetail.swift in Sources */ = {isa = PBXBuildFile; fileRef = 08FEA4A32BF8B2BE00627C69 /* AccountDetail.swift */; };
/* End PBXBuildFile section */

/* Begin PBXFileReference section */
		080C68DB2C0E13010010CF69 /* CategoryList.swift */ = {isa = PBXFileReference; lastKnownFileType = sourcecode.swift; path = CategoryList.swift; sourceTree = "<group>"; };
		080C68DD2C0E18B50010CF69 /* CategoryDetail.swift */ = {isa = PBXFileReference; lastKnownFileType = sourcecode.swift; path = CategoryDetail.swift; sourceTree = "<group>"; };
		08645F532C07474F001C85DC /* AccountType.swift */ = {isa = PBXFileReference; lastKnownFileType = sourcecode.swift; path = AccountType.swift; sourceTree = "<group>"; };
		08866F532C0F0C1400455EAE /* PayeeList.swift */ = {isa = PBXFileReference; lastKnownFileType = sourcecode.swift; path = PayeeList.swift; sourceTree = "<group>"; };
		08866F552C0F0F4A00455EAE /* PayeeDetail.swift */ = {isa = PBXFileReference; lastKnownFileType = sourcecode.swift; path = PayeeDetail.swift; sourceTree = "<group>"; };
		08866F592C0F30E600455EAE /* BasicListRow.swift */ = {isa = PBXFileReference; lastKnownFileType = sourcecode.swift; path = BasicListRow.swift; sourceTree = "<group>"; };
		08866F5C2C0F513D00455EAE /* TransactionList.swift */ = {isa = PBXFileReference; lastKnownFileType = sourcecode.swift; path = TransactionList.swift; sourceTree = "<group>"; };
		08866F5E2C0F546D00455EAE /* TransactionListRow.swift */ = {isa = PBXFileReference; lastKnownFileType = sourcecode.swift; path = TransactionListRow.swift; sourceTree = "<group>"; };
		08866F602C0F596700455EAE /* TransactionDetail.swift */ = {isa = PBXFileReference; lastKnownFileType = sourcecode.swift; path = TransactionDetail.swift; sourceTree = "<group>"; };
		0888DD982C08BF5200E8E14D /* AccountListRow.swift */ = {isa = PBXFileReference; lastKnownFileType = sourcecode.swift; path = AccountListRow.swift; sourceTree = "<group>"; };
		08C0F2F22C203CF700D4C879 /* Account+SampleData.swift */ = {isa = PBXFileReference; lastKnownFileType = sourcecode.swift; path = "Account+SampleData.swift"; sourceTree = "<group>"; };
		08C0F2F42C203D3F00D4C879 /* Category+SampleData.swift */ = {isa = PBXFileReference; lastKnownFileType = sourcecode.swift; path = "Category+SampleData.swift"; sourceTree = "<group>"; };
		08C0F2F62C203D7100D4C879 /* Payee+SampleData.swift */ = {isa = PBXFileReference; lastKnownFileType = sourcecode.swift; path = "Payee+SampleData.swift"; sourceTree = "<group>"; };
		08C0F2F82C203D9F00D4C879 /* Transaction+SampleData.swift */ = {isa = PBXFileReference; lastKnownFileType = sourcecode.swift; path = "Transaction+SampleData.swift"; sourceTree = "<group>"; };
		08EEF0BE2C2195E5003ABFF9 /* FormatUtilities.swift */ = {isa = PBXFileReference; lastKnownFileType = sourcecode.swift; path = FormatUtilities.swift; sourceTree = "<group>"; };
		08EEF0C52C21D5D2003ABFF9 /* ValidationUtilities.swift */ = {isa = PBXFileReference; lastKnownFileType = sourcecode.swift; path = ValidationUtilities.swift; sourceTree = "<group>"; };
		08EEF0C72C22D213003ABFF9 /* AlertMessages.swift */ = {isa = PBXFileReference; lastKnownFileType = sourcecode.swift; path = AlertMessages.swift; sourceTree = "<group>"; };
		08F92C932BF75EBC00D66510 /* Monee.app */ = {isa = PBXFileReference; explicitFileType = wrapper.application; includeInIndex = 0; path = Monee.app; sourceTree = BUILT_PRODUCTS_DIR; };
		08F92C962BF75EBC00D66510 /* MoneeApp.swift */ = {isa = PBXFileReference; lastKnownFileType = sourcecode.swift; path = MoneeApp.swift; sourceTree = "<group>"; };
		08F92C9A2BF75EBE00D66510 /* Assets.xcassets */ = {isa = PBXFileReference; lastKnownFileType = folder.assetcatalog; path = Assets.xcassets; sourceTree = "<group>"; };
		08F92C9D2BF75EBE00D66510 /* Preview Assets.xcassets */ = {isa = PBXFileReference; lastKnownFileType = folder.assetcatalog; path = "Preview Assets.xcassets"; sourceTree = "<group>"; };
		08F92CA42BF75F1600D66510 /* Category.swift */ = {isa = PBXFileReference; lastKnownFileType = sourcecode.swift; path = Category.swift; sourceTree = "<group>"; };
		08F92CA62BF7601300D66510 /* Payee.swift */ = {isa = PBXFileReference; lastKnownFileType = sourcecode.swift; path = Payee.swift; sourceTree = "<group>"; };
		08F92CA82BF7605500D66510 /* Account.swift */ = {isa = PBXFileReference; lastKnownFileType = sourcecode.swift; path = Account.swift; sourceTree = "<group>"; };
		08F92CAA2BF760D100D66510 /* Transaction.swift */ = {isa = PBXFileReference; lastKnownFileType = sourcecode.swift; path = Transaction.swift; sourceTree = "<group>"; };
		08F92CAE2BF7721700D66510 /* SampleData.swift */ = {isa = PBXFileReference; lastKnownFileType = sourcecode.swift; name = SampleData.swift; path = "../../../../../MZiO dev/Personal projects/Monee/Monee/Utitliies/SampleData.swift"; sourceTree = "<group>"; };
		08FEA4A12BF8A44900627C69 /* AccountList.swift */ = {isa = PBXFileReference; lastKnownFileType = sourcecode.swift; path = AccountList.swift; sourceTree = "<group>"; };
		08FEA4A32BF8B2BE00627C69 /* AccountDetail.swift */ = {isa = PBXFileReference; lastKnownFileType = sourcecode.swift; path = AccountDetail.swift; sourceTree = "<group>"; };
/* End PBXFileReference section */

/* Begin PBXFrameworksBuildPhase section */
		08F92C902BF75EBC00D66510 /* Frameworks */ = {
			isa = PBXFrameworksBuildPhase;
			buildActionMask = 2147483647;
			files = (
			);
			runOnlyForDeploymentPostprocessing = 0;
		};
/* End PBXFrameworksBuildPhase section */

/* Begin PBXGroup section */
		080C68DA2C0E129E0010CF69 /* Account */ = {
			isa = PBXGroup;
			children = (
				08FEA4A32BF8B2BE00627C69 /* AccountDetail.swift */,
				08FEA4A12BF8A44900627C69 /* AccountList.swift */,
				0888DD982C08BF5200E8E14D /* AccountListRow.swift */,
			);
			path = Account;
			sourceTree = "<group>";
		};
		080C68E02C0E18C80010CF69 /* Category */ = {
			isa = PBXGroup;
			children = (
				080C68DD2C0E18B50010CF69 /* CategoryDetail.swift */,
				080C68DB2C0E13010010CF69 /* CategoryList.swift */,
			);
			path = Category;
			sourceTree = "<group>";
		};
		08866F522C0F0B8700455EAE /* Custom types */ = {
			isa = PBXGroup;
			children = (
				08645F532C07474F001C85DC /* AccountType.swift */,
				08EEF0C72C22D213003ABFF9 /* AlertMessages.swift */,
			);
			path = "Custom types";
			sourceTree = "<group>";
		};
		08866F572C0F0F4E00455EAE /* Payee */ = {
			isa = PBXGroup;
			children = (
				08866F552C0F0F4A00455EAE /* PayeeDetail.swift */,
				08866F532C0F0C1400455EAE /* PayeeList.swift */,
			);
			path = Payee;
			sourceTree = "<group>";
		};
		08866F5B2C0F512200455EAE /* Transaction */ = {
			isa = PBXGroup;
			children = (
				08866F5C2C0F513D00455EAE /* TransactionList.swift */,
				08866F602C0F596700455EAE /* TransactionDetail.swift */,
				08866F5E2C0F546D00455EAE /* TransactionListRow.swift */,
			);
			path = Transaction;
			sourceTree = "<group>";
		};
		08F92C8A2BF75EBC00D66510 = {
			isa = PBXGroup;
			children = (
				08F92C952BF75EBC00D66510 /* Monee */,
				08F92C942BF75EBC00D66510 /* Products */,
			);
			sourceTree = "<group>";
		};
		08F92C942BF75EBC00D66510 /* Products */ = {
			isa = PBXGroup;
			children = (
				08F92C932BF75EBC00D66510 /* Monee.app */,
			);
			name = Products;
			sourceTree = "<group>";
		};
		08F92C952BF75EBC00D66510 /* Monee */ = {
			isa = PBXGroup;
			children = (
				08F92C962BF75EBC00D66510 /* MoneeApp.swift */,
				08866F522C0F0B8700455EAE /* Custom types */,
				08F92CAC2BF7677A00D66510 /* Models */,
				08F92CAD2BF771FE00D66510 /* Utitliies */,
				08FEA4A02BF8A3FE00627C69 /* Views */,
				08F92C9A2BF75EBE00D66510 /* Assets.xcassets */,
				08F92C9C2BF75EBE00D66510 /* Preview Content */,
			);
			path = Monee;
			sourceTree = "<group>";
		};
		08F92C9C2BF75EBE00D66510 /* Preview Content */ = {
			isa = PBXGroup;
			children = (
				08F92C9D2BF75EBE00D66510 /* Preview Assets.xcassets */,
			);
			path = "Preview Content";
			sourceTree = "<group>";
		};
		08F92CAC2BF7677A00D66510 /* Models */ = {
			isa = PBXGroup;
			children = (
				08F92CA82BF7605500D66510 /* Account.swift */,
				08C0F2F22C203CF700D4C879 /* Account+SampleData.swift */,
				08F92CA42BF75F1600D66510 /* Category.swift */,
				08C0F2F42C203D3F00D4C879 /* Category+SampleData.swift */,
				08F92CA62BF7601300D66510 /* Payee.swift */,
				08C0F2F62C203D7100D4C879 /* Payee+SampleData.swift */,
				08F92CAA2BF760D100D66510 /* Transaction.swift */,
				08C0F2F82C203D9F00D4C879 /* Transaction+SampleData.swift */,
			);
			path = Models;
			sourceTree = "<group>";
		};
		08F92CAD2BF771FE00D66510 /* Utitliies */ = {
			isa = PBXGroup;
			children = (
				08EEF0BE2C2195E5003ABFF9 /* FormatUtilities.swift */,
				08F92CAE2BF7721700D66510 /* SampleData.swift */,
				08EEF0C52C21D5D2003ABFF9 /* ValidationUtilities.swift */,
			);
			path = Utitliies;
			sourceTree = "<group>";
		};
		08FEA4A02BF8A3FE00627C69 /* Views */ = {
			isa = PBXGroup;
			children = (
				08866F592C0F30E600455EAE /* BasicListRow.swift */,
				080C68DA2C0E129E0010CF69 /* Account */,
				080C68E02C0E18C80010CF69 /* Category */,
				08866F572C0F0F4E00455EAE /* Payee */,
				08866F5B2C0F512200455EAE /* Transaction */,
			);
			path = Views;
			sourceTree = "<group>";
		};
/* End PBXGroup section */

/* Begin PBXNativeTarget section */
		08F92C922BF75EBC00D66510 /* Monee */ = {
			isa = PBXNativeTarget;
			buildConfigurationList = 08F92CA12BF75EBE00D66510 /* Build configuration list for PBXNativeTarget "Monee" */;
			buildPhases = (
				08F92C8F2BF75EBC00D66510 /* Sources */,
				08F92C902BF75EBC00D66510 /* Frameworks */,
				08F92C912BF75EBC00D66510 /* Resources */,
			);
			buildRules = (
			);
			dependencies = (
			);
			name = Monee;
			productName = Monee;
			productReference = 08F92C932BF75EBC00D66510 /* Monee.app */;
			productType = "com.apple.product-type.application";
		};
/* End PBXNativeTarget section */

/* Begin PBXProject section */
		08F92C8B2BF75EBC00D66510 /* Project object */ = {
			isa = PBXProject;
			attributes = {
				BuildIndependentTargetsInParallel = 1;
				LastSwiftUpdateCheck = 1540;
				LastUpgradeCheck = 1540;
				TargetAttributes = {
					08F92C922BF75EBC00D66510 = {
						CreatedOnToolsVersion = 15.4;
					};
				};
			};
			buildConfigurationList = 08F92C8E2BF75EBC00D66510 /* Build configuration list for PBXProject "Monee" */;
			compatibilityVersion = "Xcode 14.0";
			developmentRegion = en;
			hasScannedForEncodings = 0;
			knownRegions = (
				en,
				Base,
			);
			mainGroup = 08F92C8A2BF75EBC00D66510;
			productRefGroup = 08F92C942BF75EBC00D66510 /* Products */;
			projectDirPath = "";
			projectRoot = "";
			targets = (
				08F92C922BF75EBC00D66510 /* Monee */,
			);
		};
/* End PBXProject section */

/* Begin PBXResourcesBuildPhase section */
		08F92C912BF75EBC00D66510 /* Resources */ = {
			isa = PBXResourcesBuildPhase;
			buildActionMask = 2147483647;
			files = (
				08F92C9E2BF75EBE00D66510 /* Preview Assets.xcassets in Resources */,
				08F92C9B2BF75EBE00D66510 /* Assets.xcassets in Resources */,
			);
			runOnlyForDeploymentPostprocessing = 0;
		};
/* End PBXResourcesBuildPhase section */

/* Begin PBXSourcesBuildPhase section */
		08F92C8F2BF75EBC00D66510 /* Sources */ = {
			isa = PBXSourcesBuildPhase;
			buildActionMask = 2147483647;
			files = (
				08C0F2F52C203D3F00D4C879 /* Category+SampleData.swift in Sources */,
				08F92CA92BF7605500D66510 /* Account.swift in Sources */,
				08FEA4A42BF8B2BE00627C69 /* AccountDetail.swift in Sources */,
				08866F542C0F0C1400455EAE /* PayeeList.swift in Sources */,
				08866F5A2C0F30E600455EAE /* BasicListRow.swift in Sources */,
				08F92CAF2BF7721700D66510 /* SampleData.swift in Sources */,
				08866F562C0F0F4A00455EAE /* PayeeDetail.swift in Sources */,
				08EEF0BF2C2195E5003ABFF9 /* FormatUtilities.swift in Sources */,
				08C0F2F92C203D9F00D4C879 /* Transaction+SampleData.swift in Sources */,
				08F92CAB2BF760D100D66510 /* Transaction.swift in Sources */,
				08F92C972BF75EBC00D66510 /* MoneeApp.swift in Sources */,
				08866F612C0F596700455EAE /* TransactionDetail.swift in Sources */,
				08866F5D2C0F513D00455EAE /* TransactionList.swift in Sources */,
				08EEF0C62C21D5D2003ABFF9 /* ValidationUtilities.swift in Sources */,
				08FEA4A22BF8A44900627C69 /* AccountList.swift in Sources */,
				08F92CA72BF7601300D66510 /* Payee.swift in Sources */,
				080C68DE2C0E18B50010CF69 /* CategoryDetail.swift in Sources */,
				08866F5F2C0F546D00455EAE /* TransactionListRow.swift in Sources */,
				08F92CA52BF75F1600D66510 /* Category.swift in Sources */,
				080C68DC2C0E13010010CF69 /* CategoryList.swift in Sources */,
				08C0F2F72C203D7100D4C879 /* Payee+SampleData.swift in Sources */,
				08EEF0C82C22D213003ABFF9 /* AlertMessages.swift in Sources */,
				08645F542C07474F001C85DC /* AccountType.swift in Sources */,
				0888DD992C08BF5200E8E14D /* AccountListRow.swift in Sources */,
				08C0F2F32C203CF700D4C879 /* Account+SampleData.swift in Sources */,
			);
			runOnlyForDeploymentPostprocessing = 0;
		};
/* End PBXSourcesBuildPhase section */

/* Begin XCBuildConfiguration section */
		08F92C9F2BF75EBE00D66510 /* Debug */ = {
			isa = XCBuildConfiguration;
			buildSettings = {
				ALWAYS_SEARCH_USER_PATHS = NO;
				ASSETCATALOG_COMPILER_GENERATE_SWIFT_ASSET_SYMBOL_EXTENSIONS = YES;
				CLANG_ANALYZER_NONNULL = YES;
				CLANG_ANALYZER_NUMBER_OBJECT_CONVERSION = YES_AGGRESSIVE;
				CLANG_CXX_LANGUAGE_STANDARD = "gnu++20";
				CLANG_ENABLE_MODULES = YES;
				CLANG_ENABLE_OBJC_ARC = YES;
				CLANG_ENABLE_OBJC_WEAK = YES;
				CLANG_WARN_BLOCK_CAPTURE_AUTORELEASING = YES;
				CLANG_WARN_BOOL_CONVERSION = YES;
				CLANG_WARN_COMMA = YES;
				CLANG_WARN_CONSTANT_CONVERSION = YES;
				CLANG_WARN_DEPRECATED_OBJC_IMPLEMENTATIONS = YES;
				CLANG_WARN_DIRECT_OBJC_ISA_USAGE = YES_ERROR;
				CLANG_WARN_DOCUMENTATION_COMMENTS = YES;
				CLANG_WARN_EMPTY_BODY = YES;
				CLANG_WARN_ENUM_CONVERSION = YES;
				CLANG_WARN_INFINITE_RECURSION = YES;
				CLANG_WARN_INT_CONVERSION = YES;
				CLANG_WARN_NON_LITERAL_NULL_CONVERSION = YES;
				CLANG_WARN_OBJC_IMPLICIT_RETAIN_SELF = YES;
				CLANG_WARN_OBJC_LITERAL_CONVERSION = YES;
				CLANG_WARN_OBJC_ROOT_CLASS = YES_ERROR;
				CLANG_WARN_QUOTED_INCLUDE_IN_FRAMEWORK_HEADER = YES;
				CLANG_WARN_RANGE_LOOP_ANALYSIS = YES;
				CLANG_WARN_STRICT_PROTOTYPES = YES;
				CLANG_WARN_SUSPICIOUS_MOVE = YES;
				CLANG_WARN_UNGUARDED_AVAILABILITY = YES_AGGRESSIVE;
				CLANG_WARN_UNREACHABLE_CODE = YES;
				CLANG_WARN__DUPLICATE_METHOD_MATCH = YES;
				COPY_PHASE_STRIP = NO;
				DEBUG_INFORMATION_FORMAT = dwarf;
				ENABLE_STRICT_OBJC_MSGSEND = YES;
				ENABLE_TESTABILITY = YES;
				ENABLE_USER_SCRIPT_SANDBOXING = YES;
				GCC_C_LANGUAGE_STANDARD = gnu17;
				GCC_DYNAMIC_NO_PIC = NO;
				GCC_NO_COMMON_BLOCKS = YES;
				GCC_OPTIMIZATION_LEVEL = 0;
				GCC_PREPROCESSOR_DEFINITIONS = (
					"DEBUG=1",
					"$(inherited)",
				);
				GCC_WARN_64_TO_32_BIT_CONVERSION = YES;
				GCC_WARN_ABOUT_RETURN_TYPE = YES_ERROR;
				GCC_WARN_UNDECLARED_SELECTOR = YES;
				GCC_WARN_UNINITIALIZED_AUTOS = YES_AGGRESSIVE;
				GCC_WARN_UNUSED_FUNCTION = YES;
				GCC_WARN_UNUSED_VARIABLE = YES;
				IPHONEOS_DEPLOYMENT_TARGET = 17.0;
				LOCALIZATION_PREFERS_STRING_CATALOGS = YES;
				MTL_ENABLE_DEBUG_INFO = INCLUDE_SOURCE;
				MTL_FAST_MATH = YES;
				ONLY_ACTIVE_ARCH = YES;
				SDKROOT = iphoneos;
				SWIFT_ACTIVE_COMPILATION_CONDITIONS = "DEBUG $(inherited)";
				SWIFT_OPTIMIZATION_LEVEL = "-Onone";
			};
			name = Debug;
		};
		08F92CA02BF75EBE00D66510 /* Release */ = {
			isa = XCBuildConfiguration;
			buildSettings = {
				ALWAYS_SEARCH_USER_PATHS = NO;
				ASSETCATALOG_COMPILER_GENERATE_SWIFT_ASSET_SYMBOL_EXTENSIONS = YES;
				CLANG_ANALYZER_NONNULL = YES;
				CLANG_ANALYZER_NUMBER_OBJECT_CONVERSION = YES_AGGRESSIVE;
				CLANG_CXX_LANGUAGE_STANDARD = "gnu++20";
				CLANG_ENABLE_MODULES = YES;
				CLANG_ENABLE_OBJC_ARC = YES;
				CLANG_ENABLE_OBJC_WEAK = YES;
				CLANG_WARN_BLOCK_CAPTURE_AUTORELEASING = YES;
				CLANG_WARN_BOOL_CONVERSION = YES;
				CLANG_WARN_COMMA = YES;
				CLANG_WARN_CONSTANT_CONVERSION = YES;
				CLANG_WARN_DEPRECATED_OBJC_IMPLEMENTATIONS = YES;
				CLANG_WARN_DIRECT_OBJC_ISA_USAGE = YES_ERROR;
				CLANG_WARN_DOCUMENTATION_COMMENTS = YES;
				CLANG_WARN_EMPTY_BODY = YES;
				CLANG_WARN_ENUM_CONVERSION = YES;
				CLANG_WARN_INFINITE_RECURSION = YES;
				CLANG_WARN_INT_CONVERSION = YES;
				CLANG_WARN_NON_LITERAL_NULL_CONVERSION = YES;
				CLANG_WARN_OBJC_IMPLICIT_RETAIN_SELF = YES;
				CLANG_WARN_OBJC_LITERAL_CONVERSION = YES;
				CLANG_WARN_OBJC_ROOT_CLASS = YES_ERROR;
				CLANG_WARN_QUOTED_INCLUDE_IN_FRAMEWORK_HEADER = YES;
				CLANG_WARN_RANGE_LOOP_ANALYSIS = YES;
				CLANG_WARN_STRICT_PROTOTYPES = YES;
				CLANG_WARN_SUSPICIOUS_MOVE = YES;
				CLANG_WARN_UNGUARDED_AVAILABILITY = YES_AGGRESSIVE;
				CLANG_WARN_UNREACHABLE_CODE = YES;
				CLANG_WARN__DUPLICATE_METHOD_MATCH = YES;
				COPY_PHASE_STRIP = NO;
				DEBUG_INFORMATION_FORMAT = "dwarf-with-dsym";
				ENABLE_NS_ASSERTIONS = NO;
				ENABLE_STRICT_OBJC_MSGSEND = YES;
				ENABLE_USER_SCRIPT_SANDBOXING = YES;
				GCC_C_LANGUAGE_STANDARD = gnu17;
				GCC_NO_COMMON_BLOCKS = YES;
				GCC_WARN_64_TO_32_BIT_CONVERSION = YES;
				GCC_WARN_ABOUT_RETURN_TYPE = YES_ERROR;
				GCC_WARN_UNDECLARED_SELECTOR = YES;
				GCC_WARN_UNINITIALIZED_AUTOS = YES_AGGRESSIVE;
				GCC_WARN_UNUSED_FUNCTION = YES;
				GCC_WARN_UNUSED_VARIABLE = YES;
				IPHONEOS_DEPLOYMENT_TARGET = 17.0;
				LOCALIZATION_PREFERS_STRING_CATALOGS = YES;
				MTL_ENABLE_DEBUG_INFO = NO;
				MTL_FAST_MATH = YES;
				SDKROOT = iphoneos;
				SWIFT_COMPILATION_MODE = wholemodule;
				VALIDATE_PRODUCT = YES;
			};
			name = Release;
		};
		08F92CA22BF75EBE00D66510 /* Debug */ = {
			isa = XCBuildConfiguration;
			buildSettings = {
				ASSETCATALOG_COMPILER_APPICON_NAME = AppIcon;
				ASSETCATALOG_COMPILER_GLOBAL_ACCENT_COLOR_NAME = AccentColor;
				CODE_SIGN_STYLE = Automatic;
				CURRENT_PROJECT_VERSION = 1;
				DEVELOPMENT_ASSET_PATHS = "\"Monee/Preview Content\"";
				ENABLE_PREVIEWS = YES;
				GENERATE_INFOPLIST_FILE = YES;
				INFOPLIST_KEY_LSApplicationCategoryType = "public.app-category.finance";
				INFOPLIST_KEY_UIApplicationSceneManifest_Generation = YES;
				INFOPLIST_KEY_UIApplicationSupportsIndirectInputEvents = YES;
				INFOPLIST_KEY_UILaunchScreen_Generation = YES;
				INFOPLIST_KEY_UISupportedInterfaceOrientations_iPad = "UIInterfaceOrientationPortrait UIInterfaceOrientationPortraitUpsideDown UIInterfaceOrientationLandscapeLeft UIInterfaceOrientationLandscapeRight";
				INFOPLIST_KEY_UISupportedInterfaceOrientations_iPhone = "UIInterfaceOrientationPortrait UIInterfaceOrientationLandscapeLeft UIInterfaceOrientationLandscapeRight";
				LD_RUNPATH_SEARCH_PATHS = (
					"$(inherited)",
					"@executable_path/Frameworks",
				);
				MARKETING_VERSION = 1.0;
				PRODUCT_BUNDLE_IDENTIFIER = dev.mzio.Monee;
				PRODUCT_NAME = "$(TARGET_NAME)";
				SWIFT_EMIT_LOC_STRINGS = YES;
				SWIFT_VERSION = 5.0;
				TARGETED_DEVICE_FAMILY = "1,2";
			};
			name = Debug;
		};
		08F92CA32BF75EBE00D66510 /* Release */ = {
			isa = XCBuildConfiguration;
			buildSettings = {
				ASSETCATALOG_COMPILER_APPICON_NAME = AppIcon;
				ASSETCATALOG_COMPILER_GLOBAL_ACCENT_COLOR_NAME = AccentColor;
				CODE_SIGN_STYLE = Automatic;
				CURRENT_PROJECT_VERSION = 1;
				DEVELOPMENT_ASSET_PATHS = "\"Monee/Preview Content\"";
				ENABLE_PREVIEWS = YES;
				GENERATE_INFOPLIST_FILE = YES;
				INFOPLIST_KEY_LSApplicationCategoryType = "public.app-category.finance";
				INFOPLIST_KEY_UIApplicationSceneManifest_Generation = YES;
				INFOPLIST_KEY_UIApplicationSupportsIndirectInputEvents = YES;
				INFOPLIST_KEY_UILaunchScreen_Generation = YES;
				INFOPLIST_KEY_UISupportedInterfaceOrientations_iPad = "UIInterfaceOrientationPortrait UIInterfaceOrientationPortraitUpsideDown UIInterfaceOrientationLandscapeLeft UIInterfaceOrientationLandscapeRight";
				INFOPLIST_KEY_UISupportedInterfaceOrientations_iPhone = "UIInterfaceOrientationPortrait UIInterfaceOrientationLandscapeLeft UIInterfaceOrientationLandscapeRight";
				LD_RUNPATH_SEARCH_PATHS = (
					"$(inherited)",
					"@executable_path/Frameworks",
				);
				MARKETING_VERSION = 1.0;
				PRODUCT_BUNDLE_IDENTIFIER = dev.mzio.Monee;
				PRODUCT_NAME = "$(TARGET_NAME)";
				SWIFT_EMIT_LOC_STRINGS = YES;
				SWIFT_VERSION = 5.0;
				TARGETED_DEVICE_FAMILY = "1,2";
			};
			name = Release;
		};
/* End XCBuildConfiguration section */

/* Begin XCConfigurationList section */
		08F92C8E2BF75EBC00D66510 /* Build configuration list for PBXProject "Monee" */ = {
			isa = XCConfigurationList;
			buildConfigurations = (
				08F92C9F2BF75EBE00D66510 /* Debug */,
				08F92CA02BF75EBE00D66510 /* Release */,
			);
			defaultConfigurationIsVisible = 0;
			defaultConfigurationName = Release;
		};
		08F92CA12BF75EBE00D66510 /* Build configuration list for PBXNativeTarget "Monee" */ = {
			isa = XCConfigurationList;
			buildConfigurations = (
				08F92CA22BF75EBE00D66510 /* Debug */,
				08F92CA32BF75EBE00D66510 /* Release */,
			);
			defaultConfigurationIsVisible = 0;
			defaultConfigurationName = Release;
		};
/* End XCConfigurationList section */
	};
	rootObject = 08F92C8B2BF75EBC00D66510 /* Project object */;
}
